
Microsoft Visual Studio Solution File, Format Version 12.00
# Visual Studio Version 17
VisualStudioVersion = 17.9.34723.18
MinimumVisualStudioVersion = 10.0.40219.1
Project("{FAE04EC0-301F-11D3-BF4B-00C04F79EFBC}") = "NetWithElasticsearch", "NetWithElasticsearch\NetWithElasticsearch.csproj", "{1DC76C11-2FFC-447F-8635-1E0ADF7AA18D}"
EndProject
Global
	GlobalSection(SolutionConfigurationPlatforms) = preSolution
		Debug|Any CPU = Debug|Any CPU
		Release|Any CPU = Release|Any CPU
	EndGlobalSection
	GlobalSection(ProjectConfigurationPlatforms) = postSolution
		{1DC76C11-2FFC-447F-8635-1E0ADF7AA18D}.Debug|Any CPU.ActiveCfg = Debug|Any CPU
		{1DC76C11-2FFC-447F-8635-1E0ADF7AA18D}.Debug|Any CPU.Build.0 = Debug|Any CPU
		{1DC76C11-2FFC-447F-8635-1E0ADF7AA18D}.Release|Any CPU.ActiveCfg = Release|Any CPU
		{1DC76C11-2FFC-447F-8635-1E0ADF7AA18D}.Release|Any CPU.Build.0 = Release|Any CPU
	EndGlobalSection
	GlobalSection(SolutionProperties) = preSolution
		HideSolutionNode = FALSE
	EndGlobalSection
	GlobalSection(ExtensibilityGlobals) = postSolution
		SolutionGuid = {A3F921F7-B761-4DE1-BC86-8EF1714EF83B}
	EndGlobalSection
EndGlobal
